
Microsoft Visual Studio Solution File, Format Version 12.00
# Visual Studio Version 16
VisualStudioVersion = 16.0.30523.141
MinimumVisualStudioVersion = 10.0.40219.1
Project("{FAE04EC0-301F-11D3-BF4B-00C04F79EFBC}") = "Simionescu_Alina_Lab8", "Simionescu_Alina_Lab8\Simionescu_Alina_Lab8.csproj", "{43ADCCEB-DCA3-4A57-A176-76604E288056}"
EndProject
Global
	GlobalSection(SolutionConfigurationPlatforms) = preSolution
		Debug|Any CPU = Debug|Any CPU
		Release|Any CPU = Release|Any CPU
	EndGlobalSection
	GlobalSection(ProjectConfigurationPlatforms) = postSolution
		{43ADCCEB-DCA3-4A57-A176-76604E288056}.Debug|Any CPU.ActiveCfg = Debug|Any CPU
		{43ADCCEB-DCA3-4A57-A176-76604E288056}.Debug|Any CPU.Build.0 = Debug|Any CPU
		{43ADCCEB-DCA3-4A57-A176-76604E288056}.Release|Any CPU.ActiveCfg = Release|Any CPU
		{43ADCCEB-DCA3-4A57-A176-76604E288056}.Release|Any CPU.Build.0 = Release|Any CPU
	EndGlobalSection
	GlobalSection(SolutionProperties) = preSolution
		HideSolutionNode = FALSE
	EndGlobalSection
	GlobalSection(ExtensibilityGlobals) = postSolution
		SolutionGuid = {4209803F-0485-4D7A-AC36-1C3987F41A66}
	EndGlobalSection
EndGlobal
